// !$*UTF8*$!
{
	archiveVersion = 1;
	classes = {
	};
	objectVersion = 56;
	objects = {

/* Begin PBXBuildFile section */
		24769B4D2BE8ECE60097D3DC /* saeadAppApp.swift in Sources */ = {isa = PBXBuildFile; fileRef = 24769B4C2BE8ECE60097D3DC /* saeadAppApp.swift */; };
		24769B4F2BE8ECE60097D3DC /* ContentView.swift in Sources */ = {isa = PBXBuildFile; fileRef = 24769B4E2BE8ECE60097D3DC /* ContentView.swift */; };
		24769B512BE8ECE80097D3DC /* Assets.xcassets in Resources */ = {isa = PBXBuildFile; fileRef = 24769B502BE8ECE80097D3DC /* Assets.xcassets */; };
		24769B542BE8ECE80097D3DC /* Preview Assets.xcassets in Resources */ = {isa = PBXBuildFile; fileRef = 24769B532BE8ECE80097D3DC /* Preview Assets.xcassets */; };
		24769B5F2BE8ED500097D3DC /* saead.xcframework in Frameworks */ = {isa = PBXBuildFile; fileRef = 24769B5B2BE8ED400097D3DC /* saead.xcframework */; };
		24769B602BE8ED500097D3DC /* saead.xcframework in Embed Frameworks */ = {isa = PBXBuildFile; fileRef = 24769B5B2BE8ED400097D3DC /* saead.xcframework */; settings = {ATTRIBUTES = (CodeSignOnCopy, RemoveHeadersOnCopy, ); }; };
		24769B652BE8EF650097D3DC /* saeadLib.swift in Sources */ = {isa = PBXBuildFile; fileRef = 24769B642BE8EF650097D3DC /* saeadLib.swift */; };
/* End PBXBuildFile section */

/* Begin PBXCopyFilesBuildPhase section */
		24769B612BE8ED500097D3DC /* Embed Frameworks */ = {
			isa = PBXCopyFilesBuildPhase;
			buildActionMask = 2147483647;
			dstPath = "";
			dstSubfolderSpec = 10;
			files = (
				24769B602BE8ED500097D3DC /* saead.xcframework in Embed Frameworks */,
			);
			name = "Embed Frameworks";
			runOnlyForDeploymentPostprocessing = 0;
		};
/* End PBXCopyFilesBuildPhase section */

/* Begin PBXFileReference section */
		24769B492BE8ECE60097D3DC /* saeadApp.app */ = {isa = PBXFileReference; explicitFileType = wrapper.application; includeInIndex = 0; path = saeadApp.app; sourceTree = BUILT_PRODUCTS_DIR; };
		24769B4C2BE8ECE60097D3DC /* saeadAppApp.swift */ = {isa = PBXFileReference; lastKnownFileType = sourcecode.swift; path = saeadAppApp.swift; sourceTree = "<group>"; };
		24769B4E2BE8ECE60097D3DC /* ContentView.swift */ = {isa = PBXFileReference; lastKnownFileType = sourcecode.swift; path = ContentView.swift; sourceTree = "<group>"; };
		24769B502BE8ECE80097D3DC /* Assets.xcassets */ = {isa = PBXFileReference; lastKnownFileType = folder.assetcatalog; path = Assets.xcassets; sourceTree = "<group>"; };
		24769B532BE8ECE80097D3DC /* Preview Assets.xcassets */ = {isa = PBXFileReference; lastKnownFileType = folder.assetcatalog; path = "Preview Assets.xcassets"; sourceTree = "<group>"; };
		24769B5B2BE8ED400097D3DC /* saead.xcframework */ = {isa = PBXFileReference; lastKnownFileType = wrapper.xcframework; name = saead.xcframework; path = ../saead/saead.xcframework; sourceTree = "<group>"; };
		24769B642BE8EF650097D3DC /* saeadLib.swift */ = {isa = PBXFileReference; fileEncoding = 4; lastKnownFileType = sourcecode.swift; name = saeadLib.swift; path = ../../saead/saeadLib/saeadLib.swift; sourceTree = "<group>"; };
/* End PBXFileReference section */

/* Begin PBXFrameworksBuildPhase section */
		24769B462BE8ECE60097D3DC /* Frameworks */ = {
			isa = PBXFrameworksBuildPhase;
			buildActionMask = 2147483647;
			files = (
				24769B5F2BE8ED500097D3DC /* saead.xcframework in Frameworks */,
			);
			runOnlyForDeploymentPostprocessing = 0;
		};
/* End PBXFrameworksBuildPhase section */

/* Begin PBXGroup section */
		24769B402BE8ECE60097D3DC = {
			isa = PBXGroup;
			children = (
				24769B622BE8ED560097D3DC /* Lib */,
				24769B4B2BE8ECE60097D3DC /* saeadApp */,
				24769B4A2BE8ECE60097D3DC /* Products */,
				24769B5A2BE8ED3F0097D3DC /* Frameworks */,
			);
			sourceTree = "<group>";
		};
		24769B4A2BE8ECE60097D3DC /* Products */ = {
			isa = PBXGroup;
			children = (
				24769B492BE8ECE60097D3DC /* saeadApp.app */,
			);
			name = Products;
			sourceTree = "<group>";
		};
		24769B4B2BE8ECE60097D3DC /* saeadApp */ = {
			isa = PBXGroup;
			children = (
				24769B4C2BE8ECE60097D3DC /* saeadAppApp.swift */,
				24769B4E2BE8ECE60097D3DC /* ContentView.swift */,
				24769B502BE8ECE80097D3DC /* Assets.xcassets */,
				24769B522BE8ECE80097D3DC /* Preview Content */,
			);
			path = saeadApp;
			sourceTree = "<group>";
		};
		24769B522BE8ECE80097D3DC /* Preview Content */ = {
			isa = PBXGroup;
			children = (
				24769B532BE8ECE80097D3DC /* Preview Assets.xcassets */,
			);
			path = "Preview Content";
			sourceTree = "<group>";
		};
		24769B5A2BE8ED3F0097D3DC /* Frameworks */ = {
			isa = PBXGroup;
			children = (
				24769B5B2BE8ED400097D3DC /* saead.xcframework */,
			);
			name = Frameworks;
			sourceTree = "<group>";
		};
		24769B622BE8ED560097D3DC /* Lib */ = {
			isa = PBXGroup;
			children = (
				24769B642BE8EF650097D3DC /* saeadLib.swift */,
			);
			path = Lib;
			sourceTree = "<group>";
		};
/* End PBXGroup section */

/* Begin PBXNativeTarget section */
		24769B482BE8ECE60097D3DC /* saeadApp */ = {
			isa = PBXNativeTarget;
			buildConfigurationList = 24769B572BE8ECE80097D3DC /* Build configuration list for PBXNativeTarget "saeadApp" */;
			buildPhases = (
				24769B452BE8ECE60097D3DC /* Sources */,
				24769B462BE8ECE60097D3DC /* Frameworks */,
				24769B472BE8ECE60097D3DC /* Resources */,
				24769B612BE8ED500097D3DC /* Embed Frameworks */,
			);
			buildRules = (
			);
			dependencies = (
			);
			name = saeadApp;
			productName = saeadApp;
			productReference = 24769B492BE8ECE60097D3DC /* saeadApp.app */;
			productType = "com.apple.product-type.application";
		};
/* End PBXNativeTarget section */

/* Begin PBXProject section */
		24769B412BE8ECE60097D3DC /* Project object */ = {
			isa = PBXProject;
			attributes = {
				BuildIndependentTargetsInParallel = 1;
				LastSwiftUpdateCheck = 1420;
				LastUpgradeCheck = 1420;
				TargetAttributes = {
					24769B482BE8ECE60097D3DC = {
						CreatedOnToolsVersion = 14.2;
					};
				};
			};
			buildConfigurationList = 24769B442BE8ECE60097D3DC /* Build configuration list for PBXProject "saeadApp" */;
			compatibilityVersion = "Xcode 14.0";
			developmentRegion = en;
			hasScannedForEncodings = 0;
			knownRegions = (
				en,
				Base,
			);
			mainGroup = 24769B402BE8ECE60097D3DC;
			productRefGroup = 24769B4A2BE8ECE60097D3DC /* Products */;
			projectDirPath = "";
			projectRoot = "";
			targets = (
				24769B482BE8ECE60097D3DC /* saeadApp */,
			);
		};
/* End PBXProject section */

/* Begin PBXResourcesBuildPhase section */
		24769B472BE8ECE60097D3DC /* Resources */ = {
			isa = PBXResourcesBuildPhase;
			buildActionMask = 2147483647;
			files = (
				24769B542BE8ECE80097D3DC /* Preview Assets.xcassets in Resources */,
				24769B512BE8ECE80097D3DC /* Assets.xcassets in Resources */,
			);
			runOnlyForDeploymentPostprocessing = 0;
		};
/* End PBXResourcesBuildPhase section */

/* Begin PBXSourcesBuildPhase section */
		24769B452BE8ECE60097D3DC /* Sources */ = {
			isa = PBXSourcesBuildPhase;
			buildActionMask = 2147483647;
			files = (
				24769B4F2BE8ECE60097D3DC /* ContentView.swift in Sources */,
				24769B4D2BE8ECE60097D3DC /* saeadAppApp.swift in Sources */,
				24769B652BE8EF650097D3DC /* saeadLib.swift in Sources */,
			);
			runOnlyForDeploymentPostprocessing = 0;
		};
/* End PBXSourcesBuildPhase section */

/* Begin XCBuildConfiguration section */
		24769B552BE8ECE80097D3DC /* Debug */ = {
			isa = XCBuildConfiguration;
			buildSettings = {
				ALWAYS_SEARCH_USER_PATHS = NO;
				CLANG_ANALYZER_NONNULL = YES;
				CLANG_ANALYZER_NUMBER_OBJECT_CONVERSION = YES_AGGRESSIVE;
				CLANG_CXX_LANGUAGE_STANDARD = "gnu++20";
				CLANG_ENABLE_MODULES = YES;
				CLANG_ENABLE_OBJC_ARC = YES;
				CLANG_ENABLE_OBJC_WEAK = YES;
				CLANG_WARN_BLOCK_CAPTURE_AUTORELEASING = YES;
				CLANG_WARN_BOOL_CONVERSION = YES;
				CLANG_WARN_COMMA = YES;
				CLANG_WARN_CONSTANT_CONVERSION = YES;
				CLANG_WARN_DEPRECATED_OBJC_IMPLEMENTATIONS = YES;
				CLANG_WARN_DIRECT_OBJC_ISA_USAGE = YES_ERROR;
				CLANG_WARN_DOCUMENTATION_COMMENTS = YES;
				CLANG_WARN_EMPTY_BODY = YES;
				CLANG_WARN_ENUM_CONVERSION = YES;
				CLANG_WARN_INFINITE_RECURSION = YES;
				CLANG_WARN_INT_CONVERSION = YES;
				CLANG_WARN_NON_LITERAL_NULL_CONVERSION = YES;
				CLANG_WARN_OBJC_IMPLICIT_RETAIN_SELF = YES;
				CLANG_WARN_OBJC_LITERAL_CONVERSION = YES;
				CLANG_WARN_OBJC_ROOT_CLASS = YES_ERROR;
				CLANG_WARN_QUOTED_INCLUDE_IN_FRAMEWORK_HEADER = YES;
				CLANG_WARN_RANGE_LOOP_ANALYSIS = YES;
				CLANG_WARN_STRICT_PROTOTYPES = YES;
				CLANG_WARN_SUSPICIOUS_MOVE = YES;
				CLANG_WARN_UNGUARDED_AVAILABILITY = YES_AGGRESSIVE;
				CLANG_WARN_UNREACHABLE_CODE = YES;
				CLANG_WARN__DUPLICATE_METHOD_MATCH = YES;
				COPY_PHASE_STRIP = NO;
				DEBUG_INFORMATION_FORMAT = dwarf;
				ENABLE_STRICT_OBJC_MSGSEND = YES;
				ENABLE_TESTABILITY = YES;
				GCC_C_LANGUAGE_STANDARD = gnu11;
				GCC_DYNAMIC_NO_PIC = NO;
				GCC_NO_COMMON_BLOCKS = YES;
				GCC_OPTIMIZATION_LEVEL = 0;
				GCC_PREPROCESSOR_DEFINITIONS = (
					"DEBUG=1",
					"$(inherited)",
				);
				GCC_WARN_64_TO_32_BIT_CONVERSION = YES;
				GCC_WARN_ABOUT_RETURN_TYPE = YES_ERROR;
				GCC_WARN_UNDECLARED_SELECTOR = YES;
				GCC_WARN_UNINITIALIZED_AUTOS = YES_AGGRESSIVE;
				GCC_WARN_UNUSED_FUNCTION = YES;
				GCC_WARN_UNUSED_VARIABLE = YES;
				IPHONEOS_DEPLOYMENT_TARGET = 16.2;
				MTL_ENABLE_DEBUG_INFO = INCLUDE_SOURCE;
				MTL_FAST_MATH = YES;
				ONLY_ACTIVE_ARCH = YES;
				SDKROOT = iphoneos;
				SWIFT_ACTIVE_COMPILATION_CONDITIONS = DEBUG;
				SWIFT_OPTIMIZATION_LEVEL = "-Onone";
			};
			name = Debug;
		};
		24769B562BE8ECE80097D3DC /* Release */ = {
			isa = XCBuildConfiguration;
			buildSettings = {
				ALWAYS_SEARCH_USER_PATHS = NO;
				CLANG_ANALYZER_NONNULL = YES;
				CLANG_ANALYZER_NUMBER_OBJECT_CONVERSION = YES_AGGRESSIVE;
				CLANG_CXX_LANGUAGE_STANDARD = "gnu++20";
				CLANG_ENABLE_MODULES = YES;
				CLANG_ENABLE_OBJC_ARC = YES;
				CLANG_ENABLE_OBJC_WEAK = YES;
				CLANG_WARN_BLOCK_CAPTURE_AUTORELEASING = YES;
				CLANG_WARN_BOOL_CONVERSION = YES;
				CLANG_WARN_COMMA = YES;
				CLANG_WARN_CONSTANT_CONVERSION = YES;
				CLANG_WARN_DEPRECATED_OBJC_IMPLEMENTATIONS = YES;
				CLANG_WARN_DIRECT_OBJC_ISA_USAGE = YES_ERROR;
				CLANG_WARN_DOCUMENTATION_COMMENTS = YES;
				CLANG_WARN_EMPTY_BODY = YES;
				CLANG_WARN_ENUM_CONVERSION = YES;
				CLANG_WARN_INFINITE_RECURSION = YES;
				CLANG_WARN_INT_CONVERSION = YES;
				CLANG_WARN_NON_LITERAL_NULL_CONVERSION = YES;
				CLANG_WARN_OBJC_IMPLICIT_RETAIN_SELF = YES;
				CLANG_WARN_OBJC_LITERAL_CONVERSION = YES;
				CLANG_WARN_OBJC_ROOT_CLASS = YES_ERROR;
				CLANG_WARN_QUOTED_INCLUDE_IN_FRAMEWORK_HEADER = YES;
				CLANG_WARN_RANGE_LOOP_ANALYSIS = YES;
				CLANG_WARN_STRICT_PROTOTYPES = YES;
				CLANG_WARN_SUSPICIOUS_MOVE = YES;
				CLANG_WARN_UNGUARDED_AVAILABILITY = YES_AGGRESSIVE;
				CLANG_WARN_UNREACHABLE_CODE = YES;
				CLANG_WARN__DUPLICATE_METHOD_MATCH = YES;
				COPY_PHASE_STRIP = NO;
				DEBUG_INFORMATION_FORMAT = "dwarf-with-dsym";
				ENABLE_NS_ASSERTIONS = NO;
				ENABLE_STRICT_OBJC_MSGSEND = YES;
				GCC_C_LANGUAGE_STANDARD = gnu11;
				GCC_NO_COMMON_BLOCKS = YES;
				GCC_WARN_64_TO_32_BIT_CONVERSION = YES;
				GCC_WARN_ABOUT_RETURN_TYPE = YES_ERROR;
				GCC_WARN_UNDECLARED_SELECTOR = YES;
				GCC_WARN_UNINITIALIZED_AUTOS = YES_AGGRESSIVE;
				GCC_WARN_UNUSED_FUNCTION = YES;
				GCC_WARN_UNUSED_VARIABLE = YES;
				IPHONEOS_DEPLOYMENT_TARGET = 16.2;
				MTL_ENABLE_DEBUG_INFO = NO;
				MTL_FAST_MATH = YES;
				SDKROOT = iphoneos;
				SWIFT_COMPILATION_MODE = wholemodule;
				SWIFT_OPTIMIZATION_LEVEL = "-O";
				VALIDATE_PRODUCT = YES;
			};
			name = Release;
		};
		24769B582BE8ECE80097D3DC /* Debug */ = {
			isa = XCBuildConfiguration;
			buildSettings = {
				ASSETCATALOG_COMPILER_APPICON_NAME = AppIcon;
				ASSETCATALOG_COMPILER_GLOBAL_ACCENT_COLOR_NAME = AccentColor;
				CODE_SIGN_STYLE = Automatic;
				CURRENT_PROJECT_VERSION = 1;
				DEVELOPMENT_ASSET_PATHS = "\"saeadApp/Preview Content\"";
				DEVELOPMENT_TEAM = LR4LWR4S5K;
				ENABLE_PREVIEWS = YES;
				FRAMEWORK_SEARCH_PATHS = "\"$(SRCROOT)/../saead/saead.xcframework\"";
				GENERATE_INFOPLIST_FILE = YES;
				INFOPLIST_KEY_CFBundleDisplayName = saeadApp;
				INFOPLIST_KEY_UIApplicationSceneManifest_Generation = YES;
				INFOPLIST_KEY_UIApplicationSupportsIndirectInputEvents = YES;
				INFOPLIST_KEY_UILaunchScreen_Generation = YES;
				INFOPLIST_KEY_UISupportedInterfaceOrientations_iPad = "UIInterfaceOrientationPortrait UIInterfaceOrientationPortraitUpsideDown UIInterfaceOrientationLandscapeLeft UIInterfaceOrientationLandscapeRight";
				INFOPLIST_KEY_UISupportedInterfaceOrientations_iPhone = "UIInterfaceOrientationPortrait UIInterfaceOrientationLandscapeLeft UIInterfaceOrientationLandscapeRight";
				IPHONEOS_DEPLOYMENT_TARGET = 16.2;
				LD_RUNPATH_SEARCH_PATHS = (
					"$(inherited)",
					"@executable_path/Frameworks",
				);
				MARKETING_VERSION = 1.0;
				PRODUCT_BUNDLE_IDENTIFIER = com.owlrazum.saeadApp;
				PRODUCT_NAME = "$(TARGET_NAME)";
				SUPPORTED_PLATFORMS = "iphoneos iphonesimulator";
				SUPPORTS_MACCATALYST = NO;
				SUPPORTS_MAC_DESIGNED_FOR_IPHONE_IPAD = NO;
				SWIFT_EMIT_LOC_STRINGS = YES;
				SWIFT_VERSION = 5.0;
				TARGETED_DEVICE_FAMILY = 1;
			};
			name = Debug;
		};
		24769B592BE8ECE80097D3DC /* Release */ = {
			isa = XCBuildConfiguration;
			buildSettings = {
				ASSETCATALOG_COMPILER_APPICON_NAME = AppIcon;
				ASSETCATALOG_COMPILER_GLOBAL_ACCENT_COLOR_NAME = AccentColor;
				CODE_SIGN_STYLE = Automatic;
				CURRENT_PROJECT_VERSION = 1;
				DEVELOPMENT_ASSET_PATHS = "\"saeadApp/Preview Content\"";
				DEVELOPMENT_TEAM = LR4LWR4S5K;
				ENABLE_PREVIEWS = YES;
				FRAMEWORK_SEARCH_PATHS = "\"$(SRCROOT)/../saead/saead.xcframework\"";
				GENERATE_INFOPLIST_FILE = YES;
				INFOPLIST_KEY_CFBundleDisplayName = saeadApp;
				INFOPLIST_KEY_UIApplicationSceneManifest_Generation = YES;
				INFOPLIST_KEY_UIApplicationSupportsIndirectInputEvents = YES;
				INFOPLIST_KEY_UILaunchScreen_Generation = YES;
				INFOPLIST_KEY_UISupportedInterfaceOrientations_iPad = "UIInterfaceOrientationPortrait UIInterfaceOrientationPortraitUpsideDown UIInterfaceOrientationLandscapeLeft UIInterfaceOrientationLandscapeRight";
				INFOPLIST_KEY_UISupportedInterfaceOrientations_iPhone = "UIInterfaceOrientationPortrait UIInterfaceOrientationLandscapeLeft UIInterfaceOrientationLandscapeRight";
				IPHONEOS_DEPLOYMENT_TARGET = 16.2;
				LD_RUNPATH_SEARCH_PATHS = (
					"$(inherited)",
					"@executable_path/Frameworks",
				);
				MARKETING_VERSION = 1.0;
				PRODUCT_BUNDLE_IDENTIFIER = com.owlrazum.saeadApp;
				PRODUCT_NAME = "$(TARGET_NAME)";
				SUPPORTED_PLATFORMS = "iphoneos iphonesimulator";
				SUPPORTS_MACCATALYST = NO;
				SUPPORTS_MAC_DESIGNED_FOR_IPHONE_IPAD = NO;
				SWIFT_EMIT_LOC_STRINGS = YES;
				SWIFT_VERSION = 5.0;
				TARGETED_DEVICE_FAMILY = 1;
			};
			name = Release;
		};
/* End XCBuildConfiguration section */

/* Begin XCConfigurationList section */
		24769B442BE8ECE60097D3DC /* Build configuration list for PBXProject "saeadApp" */ = {
			isa = XCConfigurationList;
			buildConfigurations = (
				24769B552BE8ECE80097D3DC /* Debug */,
				24769B562BE8ECE80097D3DC /* Release */,
			);
			defaultConfigurationIsVisible = 0;
			defaultConfigurationName = Release;
		};
		24769B572BE8ECE80097D3DC /* Build configuration list for PBXNativeTarget "saeadApp" */ = {
			isa = XCConfigurationList;
			buildConfigurations = (
				24769B582BE8ECE80097D3DC /* Debug */,
				24769B592BE8ECE80097D3DC /* Release */,
			);
			defaultConfigurationIsVisible = 0;
			defaultConfigurationName = Release;
		};
/* End XCConfigurationList section */
	};
	rootObject = 24769B412BE8ECE60097D3DC /* Project object */;
}
